PODS:
  - AFNetworking (3.1.0):
    - AFNetworking/NSURLSession (= 3.1.0)
    - AFNetworking/Reachability (= 3.1.0)
    - AFNetworking/Security (= 3.1.0)
    - AFNetworking/Serialization (= 3.1.0)
    - AFNetworking/UIKit (= 3.1.0)
  - AFNetworking/NSURLSession (3.1.0):
    - AFNetworking/Reachability
    - AFNetworking/Security
    - AFNetworking/Serialization
  - AFNetworking/Reachability (3.1.0)
  - AFNetworking/Security (3.1.0)
  - AFNetworking/Serialization (3.1.0)
  - AFNetworking/UIKit (3.1.0):
    - AFNetworking/NSURLSession
  - FMDB (2.7.2):
    - FMDB/standard (= 2.7.2)
  - FMDB/standard (2.7.2)
  - GTMBase64 (1.0.0)
  - IQKeyboardManager (4.0.10)
  - JSONModel (1.7.0)
  - LLPaySDK (2.6.7)
  - Masonry (1.0.2)
  - MBProgressHUD (1.0.0)
  - MJExtension (3.0.13)
  - MJRefresh (3.1.12)
  - QQ_XGPush (2.5.0)
  - RRShareSDK (0.0.3):
    - RRShareSDK/libraries (= 0.0.3)
  - RRShareSDK/libraries (0.0.3)
  - RRShareSDK/ShareSDKPlatforms/QQ (0.0.3)
  - RRShareSDK/ShareSDKPlatforms/SinaWeibo (0.0.3)
  - RRShareSDK/ShareSDKPlatforms/WeChat (0.0.3)
  - RRShareSDK/ShareSDKUI (0.0.3)
  - SDCycleScrollView (1.65):
    - SDWebImage (~> 3.7)
  - SDWebImage (3.8.2):
    - SDWebImage/Core (= 3.8.2)
  - SDWebImage/Core (3.8.2)
  - UMengAnalytics (4.2.4)
  - UMengSocial (4.4)
  - YTKNetwork (2.0.3):
    - AFNetworking (~> 3.0)
  - YYKit (1.0.9):
    - YYKit/no-arc (= 1.0.9)
  - YYKit/no-arc (1.0.9)

DEPENDENCIES:
  - AFNetworking (~> 3.0)
  - FMDB
  - GTMBase64
  - IQKeyboardManager
  - JSONModel
  - LLPaySDK
  - Masonry
  - MBProgressHUD (~> 1.0.0)
  - MJExtension
  - MJRefresh
  - QQ_XGPush
  - RRShareSDK
  - RRShareSDK/ShareSDKPlatforms/QQ
  - RRShareSDK/ShareSDKPlatforms/SinaWeibo
  - RRShareSDK/ShareSDKPlatforms/WeChat
  - RRShareSDK/ShareSDKUI
  - SDCycleScrollView
  - SDWebImage (~> 3.8)
  - UMengAnalytics
  - UMengSocial (~> 4.3)
  - YTKNetwork
  - YYKit

SPEC CHECKSUMS:
  AFNetworking: 5e0e199f73d8626b11e79750991f5d173d1f8b67
  FMDB: 6198a90e7b6900cfc046e6bc0ef6ebb7be9236aa
  GTMBase64: 0da7372e95f5171f3f652db38cde6716f8eb5e24
  IQKeyboardManager: 593ee99b88381f4b9ccb22bd680f22606351bd41
  JSONModel: 840bc0fcffb24b8454d2c026bf26fea454b8e98d
  LLPaySDK: 78e93a7cd66d5d891118fdfb63063ffc8cd8ea3a
  Masonry: 7c429b56da9d4ee0bbb3ed77a5ea710d6a5df39e
  MBProgressHUD: 4890f671c94e8a0f3cf959aa731e9de2f036d71a
  MJExtension: 5932755f451458eefa24239358817f8d291240c7
  MJRefresh: b96cdb21c4aa75a7b07654311ab2f315c497e806
  QQ_XGPush: 8c3637d61e1b3fe6e7f60bb1c8aac34184c8bf40
  RRShareSDK: a4f74b59998e3edec0211d1786f81ac937cef5d5
  SDCycleScrollView: f72904c77698a7f93a41bcbbc2d78b073bf7326c
  SDWebImage: 098e97e6176540799c27e804c96653ee0833d13c
  UMengAnalytics: ef8d45f94c0e5771dc364cf6a5731d9d3b101da2
  UMengSocial: aba7296602310385114d82c255539a7bef3b7ab0
  YTKNetwork: c4b0c29c9d639dc050d475de69ee626d53eac598
  YYKit: 7cda43304a8dc3696c449041e2cb3107b4e236e7

PODFILE CHECKSUM: e97fa7691f3b08f337e2682bf0598dadd3f80cfc

COCOAPODS: 1.0.1
